
Microsoft Visual Studio Solution File, Format Version 12.00
# Visual Studio Version 17
VisualStudioVersion = 17.8.34525.116
MinimumVisualStudioVersion = 10.0.40219.1
Project("{F184B08F-C81C-45F6-A57F-5ABD9991F28F}") = "Juego_Gato", "Juego_Gato\Juego_Gato.vbproj", "{06188144-AC90-4945-8A42-0F2B51174B0A}"
EndProject
Global
	GlobalSection(SolutionConfigurationPlatforms) = preSolution
		Debug|Any CPU = Debug|Any CPU
		Release|Any CPU = Release|Any CPU
	EndGlobalSection
	GlobalSection(ProjectConfigurationPlatforms) = postSolution
		{06188144-AC90-4945-8A42-0F2B51174B0A}.Debug|Any CPU.ActiveCfg = Debug|Any CPU
		{06188144-AC90-4945-8A42-0F2B51174B0A}.Debug|Any CPU.Build.0 = Debug|Any CPU
		{06188144-AC90-4945-8A42-0F2B51174B0A}.Release|Any CPU.ActiveCfg = Release|Any CPU
		{06188144-AC90-4945-8A42-0F2B51174B0A}.Release|Any CPU.Build.0 = Release|Any CPU
	EndGlobalSection
	GlobalSection(SolutionProperties) = preSolution
		HideSolutionNode = FALSE
	EndGlobalSection
	GlobalSection(ExtensibilityGlobals) = postSolution
		SolutionGuid = {AC9E7444-DDCA-4C57-A016-9BB6707A765C}
	EndGlobalSection
EndGlobal
